// !$*UTF8*$!
{
	archiveVersion = 1;
	classes = {
	};
	objectVersion = 56;
	objects = {

/* Begin PBXBuildFile section */
		290C29DE2B5C2FB800732052 /* UberCloneApp.swift in Sources */ = {isa = PBXBuildFile; fileRef = 290C29DD2B5C2FB800732052 /* UberCloneApp.swift */; };
		290C29E22B5C2FBC00732052 /* Assets.xcassets in Resources */ = {isa = PBXBuildFile; fileRef = 290C29E12B5C2FBC00732052 /* Assets.xcassets */; };
		290C29E62B5C2FBC00732052 /* Preview Assets.xcassets in Resources */ = {isa = PBXBuildFile; fileRef = 290C29E52B5C2FBC00732052 /* Preview Assets.xcassets */; };
		290C29F82B5C306E00732052 /* HomeView.swift in Sources */ = {isa = PBXBuildFile; fileRef = 290C29F72B5C306E00732052 /* HomeView.swift */; };
		290C29FA2B5C41B000732052 /* UberMapViewRepersentable.swift in Sources */ = {isa = PBXBuildFile; fileRef = 290C29F92B5C41B000732052 /* UberMapViewRepersentable.swift */; };
		2943B40F2B5DE25C0096EB0D /* LocationManager.swift in Sources */ = {isa = PBXBuildFile; fileRef = 2943B40E2B5DE25C0096EB0D /* LocationManager.swift */; };
		2943B4152B60203F0096EB0D /* LocationSearchActivationView.swift in Sources */ = {isa = PBXBuildFile; fileRef = 2943B4142B60203F0096EB0D /* LocationSearchActivationView.swift */; };
		2943B4172B60233A0096EB0D /* MapViewActionButton.swift in Sources */ = {isa = PBXBuildFile; fileRef = 2943B4162B60233A0096EB0D /* MapViewActionButton.swift */; };
		2943B4192B6032F50096EB0D /* LocationSearchView.swift in Sources */ = {isa = PBXBuildFile; fileRef = 2943B4182B6032F50096EB0D /* LocationSearchView.swift */; };
		2943B41B2B6035A60096EB0D /* LocationSearchResultCell.swift in Sources */ = {isa = PBXBuildFile; fileRef = 2943B41A2B6035A60096EB0D /* LocationSearchResultCell.swift */; };
		2943B41D2B604D350096EB0D /* LocationSearchViewModel.swift in Sources */ = {isa = PBXBuildFile; fileRef = 2943B41C2B604D350096EB0D /* LocationSearchViewModel.swift */; };
/* End PBXBuildFile section */

/* Begin PBXFileReference section */
		290C29DA2B5C2FB800732052 /* UberClone.app */ = {isa = PBXFileReference; explicitFileType = wrapper.application; includeInIndex = 0; path = UberClone.app; sourceTree = BUILT_PRODUCTS_DIR; };
		290C29DD2B5C2FB800732052 /* UberCloneApp.swift */ = {isa = PBXFileReference; lastKnownFileType = sourcecode.swift; path = UberCloneApp.swift; sourceTree = "<group>"; };
		290C29E12B5C2FBC00732052 /* Assets.xcassets */ = {isa = PBXFileReference; lastKnownFileType = folder.assetcatalog; path = Assets.xcassets; sourceTree = "<group>"; };
		290C29E32B5C2FBC00732052 /* UberClone.entitlements */ = {isa = PBXFileReference; lastKnownFileType = text.plist.entitlements; path = UberClone.entitlements; sourceTree = "<group>"; };
		290C29E52B5C2FBC00732052 /* Preview Assets.xcassets */ = {isa = PBXFileReference; lastKnownFileType = folder.assetcatalog; path = "Preview Assets.xcassets"; sourceTree = "<group>"; };
		290C29F72B5C306E00732052 /* HomeView.swift */ = {isa = PBXFileReference; lastKnownFileType = sourcecode.swift; path = HomeView.swift; sourceTree = "<group>"; };
		290C29F92B5C41B000732052 /* UberMapViewRepersentable.swift */ = {isa = PBXFileReference; lastKnownFileType = sourcecode.swift; path = UberMapViewRepersentable.swift; sourceTree = "<group>"; };
		2943B40E2B5DE25C0096EB0D /* LocationManager.swift */ = {isa = PBXFileReference; lastKnownFileType = sourcecode.swift; path = LocationManager.swift; sourceTree = "<group>"; };
		2943B4142B60203F0096EB0D /* LocationSearchActivationView.swift */ = {isa = PBXFileReference; lastKnownFileType = sourcecode.swift; path = LocationSearchActivationView.swift; sourceTree = "<group>"; };
		2943B4162B60233A0096EB0D /* MapViewActionButton.swift */ = {isa = PBXFileReference; lastKnownFileType = sourcecode.swift; path = MapViewActionButton.swift; sourceTree = "<group>"; };
		2943B4182B6032F50096EB0D /* LocationSearchView.swift */ = {isa = PBXFileReference; lastKnownFileType = sourcecode.swift; path = LocationSearchView.swift; sourceTree = "<group>"; };
		2943B41A2B6035A60096EB0D /* LocationSearchResultCell.swift */ = {isa = PBXFileReference; lastKnownFileType = sourcecode.swift; path = LocationSearchResultCell.swift; sourceTree = "<group>"; };
		2943B41C2B604D350096EB0D /* LocationSearchViewModel.swift */ = {isa = PBXFileReference; lastKnownFileType = sourcecode.swift; path = LocationSearchViewModel.swift; sourceTree = "<group>"; };
/* End PBXFileReference section */

/* Begin PBXFrameworksBuildPhase section */
		290C29D72B5C2FB800732052 /* Frameworks */ = {
			isa = PBXFrameworksBuildPhase;
			buildActionMask = 2147483647;
			files = (
			);
			runOnlyForDeploymentPostprocessing = 0;
		};
/* End PBXFrameworksBuildPhase section */

/* Begin PBXGroup section */
		290C29D12B5C2FB800732052 = {
			isa = PBXGroup;
			children = (
				290C29DC2B5C2FB800732052 /* UberClone */,
				290C29DB2B5C2FB800732052 /* Products */,
			);
			sourceTree = "<group>";
		};
		290C29DB2B5C2FB800732052 /* Products */ = {
			isa = PBXGroup;
			children = (
				290C29DA2B5C2FB800732052 /* UberClone.app */,
			);
			name = Products;
			sourceTree = "<group>";
		};
		290C29DC2B5C2FB800732052 /* UberClone */ = {
			isa = PBXGroup;
			children = (
				290C29F32B5C2FEE00732052 /* App */,
				290C29F22B5C2FED00732052 /* Core */,
				290C29F12B5C2FEC00732052 /* Extensions */,
				290C29F02B5C2FEB00732052 /* Managers */,
				290C29EF2B5C2FE900732052 /* Models */,
				290C29E12B5C2FBC00732052 /* Assets.xcassets */,
				290C29E32B5C2FBC00732052 /* UberClone.entitlements */,
				290C29E42B5C2FBC00732052 /* Preview Content */,
			);
			path = UberClone;
			sourceTree = "<group>";
		};
		290C29E42B5C2FBC00732052 /* Preview Content */ = {
			isa = PBXGroup;
			children = (
				290C29E52B5C2FBC00732052 /* Preview Assets.xcassets */,
			);
			path = "Preview Content";
			sourceTree = "<group>";
		};
		290C29EF2B5C2FE900732052 /* Models */ = {
			isa = PBXGroup;
			children = (
			);
			path = Models;
			sourceTree = "<group>";
		};
		290C29F02B5C2FEB00732052 /* Managers */ = {
			isa = PBXGroup;
			children = (
				2943B40E2B5DE25C0096EB0D /* LocationManager.swift */,
			);
			path = Managers;
			sourceTree = "<group>";
		};
		290C29F12B5C2FEC00732052 /* Extensions */ = {
			isa = PBXGroup;
			children = (
			);
			path = Extensions;
			sourceTree = "<group>";
		};
		290C29F22B5C2FED00732052 /* Core */ = {
			isa = PBXGroup;
			children = (
				2943B4112B6020110096EB0D /* LocationSearch */,
				2943B4102B601FF80096EB0D /* Home */,
			);
			path = Core;
			sourceTree = "<group>";
		};
		290C29F32B5C2FEE00732052 /* App */ = {
			isa = PBXGroup;
			children = (
				290C29DD2B5C2FB800732052 /* UberCloneApp.swift */,
			);
			path = App;
			sourceTree = "<group>";
		};
		290C29F42B5C304B00732052 /* Views */ = {
			isa = PBXGroup;
			children = (
				290C29F72B5C306E00732052 /* HomeView.swift */,
				290C29F92B5C41B000732052 /* UberMapViewRepersentable.swift */,
				2943B4162B60233A0096EB0D /* MapViewActionButton.swift */,
			);
			path = Views;
			sourceTree = "<group>";
		};
		290C29F62B5C304D00732052 /* ViewModel */ = {
			isa = PBXGroup;
			children = (
			);
			path = ViewModel;
			sourceTree = "<group>";
		};
		2943B4102B601FF80096EB0D /* Home */ = {
			isa = PBXGroup;
			children = (
				290C29F42B5C304B00732052 /* Views */,
				290C29F62B5C304D00732052 /* ViewModel */,
			);
			path = Home;
			sourceTree = "<group>";
		};
		2943B4112B6020110096EB0D /* LocationSearch */ = {
			isa = PBXGroup;
			children = (
				2943B4132B6020210096EB0D /* ViewModel */,
				2943B4122B60201B0096EB0D /* Views */,
			);
			path = LocationSearch;
			sourceTree = "<group>";
		};
		2943B4122B60201B0096EB0D /* Views */ = {
			isa = PBXGroup;
			children = (
				2943B4142B60203F0096EB0D /* LocationSearchActivationView.swift */,
				2943B4182B6032F50096EB0D /* LocationSearchView.swift */,
				2943B41A2B6035A60096EB0D /* LocationSearchResultCell.swift */,
			);
			path = Views;
			sourceTree = "<group>";
		};
		2943B4132B6020210096EB0D /* ViewModel */ = {
			isa = PBXGroup;
			children = (
				2943B41C2B604D350096EB0D /* LocationSearchViewModel.swift */,
			);
			path = ViewModel;
			sourceTree = "<group>";
		};
/* End PBXGroup section */

/* Begin PBXNativeTarget section */
		290C29D92B5C2FB800732052 /* UberClone */ = {
			isa = PBXNativeTarget;
			buildConfigurationList = 290C29E92B5C2FBC00732052 /* Build configuration list for PBXNativeTarget "UberClone" */;
			buildPhases = (
				290C29D62B5C2FB800732052 /* Sources */,
				290C29D72B5C2FB800732052 /* Frameworks */,
				290C29D82B5C2FB800732052 /* Resources */,
			);
			buildRules = (
			);
			dependencies = (
			);
			name = UberClone;
			productName = UberClone;
			productReference = 290C29DA2B5C2FB800732052 /* UberClone.app */;
			productType = "com.apple.product-type.application";
		};
/* End PBXNativeTarget section */

/* Begin PBXProject section */
		290C29D22B5C2FB800732052 /* Project object */ = {
			isa = PBXProject;
			attributes = {
				BuildIndependentTargetsInParallel = 1;
				LastSwiftUpdateCheck = 1520;
				LastUpgradeCheck = 1520;
				TargetAttributes = {
					290C29D92B5C2FB800732052 = {
						CreatedOnToolsVersion = 15.2;
					};
				};
			};
			buildConfigurationList = 290C29D52B5C2FB800732052 /* Build configuration list for PBXProject "UberClone" */;
			compatibilityVersion = "Xcode 14.0";
			developmentRegion = en;
			hasScannedForEncodings = 0;
			knownRegions = (
				en,
				Base,
			);
			mainGroup = 290C29D12B5C2FB800732052;
			productRefGroup = 290C29DB2B5C2FB800732052 /* Products */;
			projectDirPath = "";
			projectRoot = "";
			targets = (
				290C29D92B5C2FB800732052 /* UberClone */,
			);
		};
/* End PBXProject section */

/* Begin PBXResourcesBuildPhase section */
		290C29D82B5C2FB800732052 /* Resources */ = {
			isa = PBXResourcesBuildPhase;
			buildActionMask = 2147483647;
			files = (
				290C29E62B5C2FBC00732052 /* Preview Assets.xcassets in Resources */,
				290C29E22B5C2FBC00732052 /* Assets.xcassets in Resources */,
			);
			runOnlyForDeploymentPostprocessing = 0;
		};
/* End PBXResourcesBuildPhase section */

/* Begin PBXSourcesBuildPhase section */
		290C29D62B5C2FB800732052 /* Sources */ = {
			isa = PBXSourcesBuildPhase;
			buildActionMask = 2147483647;
			files = (
				2943B41D2B604D350096EB0D /* LocationSearchViewModel.swift in Sources */,
				2943B4192B6032F50096EB0D /* LocationSearchView.swift in Sources */,
				2943B40F2B5DE25C0096EB0D /* LocationManager.swift in Sources */,
				2943B4172B60233A0096EB0D /* MapViewActionButton.swift in Sources */,
				290C29DE2B5C2FB800732052 /* UberCloneApp.swift in Sources */,
				290C29FA2B5C41B000732052 /* UberMapViewRepersentable.swift in Sources */,
				290C29F82B5C306E00732052 /* HomeView.swift in Sources */,
				2943B4152B60203F0096EB0D /* LocationSearchActivationView.swift in Sources */,
				2943B41B2B6035A60096EB0D /* LocationSearchResultCell.swift in Sources */,
			);
			runOnlyForDeploymentPostprocessing = 0;
		};
/* End PBXSourcesBuildPhase section */

/* Begin XCBuildConfiguration section */
		290C29E72B5C2FBC00732052 /* Debug */ = {
			isa = XCBuildConfiguration;
			buildSettings = {
				ALWAYS_SEARCH_USER_PATHS = NO;
				ASSETCATALOG_COMPILER_GENERATE_SWIFT_ASSET_SYMBOL_EXTENSIONS = YES;
				CLANG_ANALYZER_NONNULL = YES;
				CLANG_ANALYZER_NUMBER_OBJECT_CONVERSION = YES_AGGRESSIVE;
				CLANG_CXX_LANGUAGE_STANDARD = "gnu++20";
				CLANG_ENABLE_MODULES = YES;
				CLANG_ENABLE_OBJC_ARC = YES;
				CLANG_ENABLE_OBJC_WEAK = YES;
				CLANG_WARN_BLOCK_CAPTURE_AUTORELEASING = YES;
				CLANG_WARN_BOOL_CONVERSION = YES;
				CLANG_WARN_COMMA = YES;
				CLANG_WARN_CONSTANT_CONVERSION = YES;
				CLANG_WARN_DEPRECATED_OBJC_IMPLEMENTATIONS = YES;
				CLANG_WARN_DIRECT_OBJC_ISA_USAGE = YES_ERROR;
				CLANG_WARN_DOCUMENTATION_COMMENTS = YES;
				CLANG_WARN_EMPTY_BODY = YES;
				CLANG_WARN_ENUM_CONVERSION = YES;
				CLANG_WARN_INFINITE_RECURSION = YES;
				CLANG_WARN_INT_CONVERSION = YES;
				CLANG_WARN_NON_LITERAL_NULL_CONVERSION = YES;
				CLANG_WARN_OBJC_IMPLICIT_RETAIN_SELF = YES;
				CLANG_WARN_OBJC_LITERAL_CONVERSION = YES;
				CLANG_WARN_OBJC_ROOT_CLASS = YES_ERROR;
				CLANG_WARN_QUOTED_INCLUDE_IN_FRAMEWORK_HEADER = YES;
				CLANG_WARN_RANGE_LOOP_ANALYSIS = YES;
				CLANG_WARN_STRICT_PROTOTYPES = YES;
				CLANG_WARN_SUSPICIOUS_MOVE = YES;
				CLANG_WARN_UNGUARDED_AVAILABILITY = YES_AGGRESSIVE;
				CLANG_WARN_UNREACHABLE_CODE = YES;
				CLANG_WARN__DUPLICATE_METHOD_MATCH = YES;
				COPY_PHASE_STRIP = NO;
				DEBUG_INFORMATION_FORMAT = dwarf;
				ENABLE_STRICT_OBJC_MSGSEND = YES;
				ENABLE_TESTABILITY = YES;
				ENABLE_USER_SCRIPT_SANDBOXING = YES;
				GCC_C_LANGUAGE_STANDARD = gnu17;
				GCC_DYNAMIC_NO_PIC = NO;
				GCC_NO_COMMON_BLOCKS = YES;
				GCC_OPTIMIZATION_LEVEL = 0;
				GCC_PREPROCESSOR_DEFINITIONS = (
					"DEBUG=1",
					"$(inherited)",
				);
				GCC_WARN_64_TO_32_BIT_CONVERSION = YES;
				GCC_WARN_ABOUT_RETURN_TYPE = YES_ERROR;
				GCC_WARN_UNDECLARED_SELECTOR = YES;
				GCC_WARN_UNINITIALIZED_AUTOS = YES_AGGRESSIVE;
				GCC_WARN_UNUSED_FUNCTION = YES;
				GCC_WARN_UNUSED_VARIABLE = YES;
				LOCALIZATION_PREFERS_STRING_CATALOGS = YES;
				MTL_ENABLE_DEBUG_INFO = INCLUDE_SOURCE;
				MTL_FAST_MATH = YES;
				ONLY_ACTIVE_ARCH = YES;
				SWIFT_ACTIVE_COMPILATION_CONDITIONS = "DEBUG $(inherited)";
				SWIFT_OPTIMIZATION_LEVEL = "-Onone";
			};
			name = Debug;
		};
		290C29E82B5C2FBC00732052 /* Release */ = {
			isa = XCBuildConfiguration;
			buildSettings = {
				ALWAYS_SEARCH_USER_PATHS = NO;
				ASSETCATALOG_COMPILER_GENERATE_SWIFT_ASSET_SYMBOL_EXTENSIONS = YES;
				CLANG_ANALYZER_NONNULL = YES;
				CLANG_ANALYZER_NUMBER_OBJECT_CONVERSION = YES_AGGRESSIVE;
				CLANG_CXX_LANGUAGE_STANDARD = "gnu++20";
				CLANG_ENABLE_MODULES = YES;
				CLANG_ENABLE_OBJC_ARC = YES;
				CLANG_ENABLE_OBJC_WEAK = YES;
				CLANG_WARN_BLOCK_CAPTURE_AUTORELEASING = YES;
				CLANG_WARN_BOOL_CONVERSION = YES;
				CLANG_WARN_COMMA = YES;
				CLANG_WARN_CONSTANT_CONVERSION = YES;
				CLANG_WARN_DEPRECATED_OBJC_IMPLEMENTATIONS = YES;
				CLANG_WARN_DIRECT_OBJC_ISA_USAGE = YES_ERROR;
				CLANG_WARN_DOCUMENTATION_COMMENTS = YES;
				CLANG_WARN_EMPTY_BODY = YES;
				CLANG_WARN_ENUM_CONVERSION = YES;
				CLANG_WARN_INFINITE_RECURSION = YES;
				CLANG_WARN_INT_CONVERSION = YES;
				CLANG_WARN_NON_LITERAL_NULL_CONVERSION = YES;
				CLANG_WARN_OBJC_IMPLICIT_RETAIN_SELF = YES;
				CLANG_WARN_OBJC_LITERAL_CONVERSION = YES;
				CLANG_WARN_OBJC_ROOT_CLASS = YES_ERROR;
				CLANG_WARN_QUOTED_INCLUDE_IN_FRAMEWORK_HEADER = YES;
				CLANG_WARN_RANGE_LOOP_ANALYSIS = YES;
				CLANG_WARN_STRICT_PROTOTYPES = YES;
				CLANG_WARN_SUSPICIOUS_MOVE = YES;
				CLANG_WARN_UNGUARDED_AVAILABILITY = YES_AGGRESSIVE;
				CLANG_WARN_UNREACHABLE_CODE = YES;
				CLANG_WARN__DUPLICATE_METHOD_MATCH = YES;
				COPY_PHASE_STRIP = NO;
				DEBUG_INFORMATION_FORMAT = "dwarf-with-dsym";
				ENABLE_NS_ASSERTIONS = NO;
				ENABLE_STRICT_OBJC_MSGSEND = YES;
				ENABLE_USER_SCRIPT_SANDBOXING = YES;
				GCC_C_LANGUAGE_STANDARD = gnu17;
				GCC_NO_COMMON_BLOCKS = YES;
				GCC_WARN_64_TO_32_BIT_CONVERSION = YES;
				GCC_WARN_ABOUT_RETURN_TYPE = YES_ERROR;
				GCC_WARN_UNDECLARED_SELECTOR = YES;
				GCC_WARN_UNINITIALIZED_AUTOS = YES_AGGRESSIVE;
				GCC_WARN_UNUSED_FUNCTION = YES;
				GCC_WARN_UNUSED_VARIABLE = YES;
				LOCALIZATION_PREFERS_STRING_CATALOGS = YES;
				MTL_ENABLE_DEBUG_INFO = NO;
				MTL_FAST_MATH = YES;
				SWIFT_COMPILATION_MODE = wholemodule;
			};
			name = Release;
		};
		290C29EA2B5C2FBC00732052 /* Debug */ = {
			isa = XCBuildConfiguration;
			buildSettings = {
				ASSETCATALOG_COMPILER_APPICON_NAME = AppIcon;
				ASSETCATALOG_COMPILER_GLOBAL_ACCENT_COLOR_NAME = AccentColor;
				CODE_SIGN_ENTITLEMENTS = UberClone/UberClone.entitlements;
				CODE_SIGN_STYLE = Automatic;
				CURRENT_PROJECT_VERSION = 1;
				DEVELOPMENT_ASSET_PATHS = "\"UberClone/Preview Content\"";
				ENABLE_PREVIEWS = YES;
				GENERATE_INFOPLIST_FILE = YES;
				INFOPLIST_KEY_NSLocationWhenInUseUsageDescription = "please allow us to access your location to find nearby drivers!";
				"INFOPLIST_KEY_UIApplicationSceneManifest_Generation[sdk=iphoneos*]" = YES;
				"INFOPLIST_KEY_UIApplicationSceneManifest_Generation[sdk=iphonesimulator*]" = YES;
				"INFOPLIST_KEY_UIApplicationSupportsIndirectInputEvents[sdk=iphoneos*]" = YES;
				"INFOPLIST_KEY_UIApplicationSupportsIndirectInputEvents[sdk=iphonesimulator*]" = YES;
				"INFOPLIST_KEY_UILaunchScreen_Generation[sdk=iphoneos*]" = YES;
				"INFOPLIST_KEY_UILaunchScreen_Generation[sdk=iphonesimulator*]" = YES;
				"INFOPLIST_KEY_UIStatusBarStyle[sdk=iphoneos*]" = UIStatusBarStyleDefault;
				"INFOPLIST_KEY_UIStatusBarStyle[sdk=iphonesimulator*]" = UIStatusBarStyleDefault;
				INFOPLIST_KEY_UISupportedInterfaceOrientations_iPad = "UIInterfaceOrientationPortrait UIInterfaceOrientationPortraitUpsideDown UIInterfaceOrientationLandscapeLeft UIInterfaceOrientationLandscapeRight";
				INFOPLIST_KEY_UISupportedInterfaceOrientations_iPhone = "UIInterfaceOrientationPortrait UIInterfaceOrientationLandscapeLeft UIInterfaceOrientationLandscapeRight";
				IPHONEOS_DEPLOYMENT_TARGET = 17.2;
				LD_RUNPATH_SEARCH_PATHS = "@executable_path/Frameworks";
				"LD_RUNPATH_SEARCH_PATHS[sdk=macosx*]" = "@executable_path/../Frameworks";
				MACOSX_DEPLOYMENT_TARGET = 14.1;
				MARKETING_VERSION = 1.0;
				PRODUCT_BUNDLE_IDENTIFIER = io.UberClone;
				PRODUCT_NAME = "$(TARGET_NAME)";
				SDKROOT = auto;
				SUPPORTED_PLATFORMS = "iphoneos iphonesimulator macosx";
				SWIFT_EMIT_LOC_STRINGS = YES;
				SWIFT_VERSION = 5.0;
				TARGETED_DEVICE_FAMILY = "1,2";
			};
			name = Debug;
		};
		290C29EB2B5C2FBC00732052 /* Release */ = {
			isa = XCBuildConfiguration;
			buildSettings = {
				ASSETCATALOG_COMPILER_APPICON_NAME = AppIcon;
				ASSETCATALOG_COMPILER_GLOBAL_ACCENT_COLOR_NAME = AccentColor;
				CODE_SIGN_ENTITLEMENTS = UberClone/UberClone.entitlements;
				CODE_SIGN_STYLE = Automatic;
				CURRENT_PROJECT_VERSION = 1;
				DEVELOPMENT_ASSET_PATHS = "\"UberClone/Preview Content\"";
				ENABLE_PREVIEWS = YES;
				GENERATE_INFOPLIST_FILE = YES;
				INFOPLIST_KEY_NSLocationWhenInUseUsageDescription = "please allow us to access your location to find nearby drivers!";
				"INFOPLIST_KEY_UIApplicationSceneManifest_Generation[sdk=iphoneos*]" = YES;
				"INFOPLIST_KEY_UIApplicationSceneManifest_Generation[sdk=iphonesimulator*]" = YES;
				"INFOPLIST_KEY_UIApplicationSupportsIndirectInputEvents[sdk=iphoneos*]" = YES;
				"INFOPLIST_KEY_UIApplicationSupportsIndirectInputEvents[sdk=iphonesimulator*]" = YES;
				"INFOPLIST_KEY_UILaunchScreen_Generation[sdk=iphoneos*]" = YES;
				"INFOPLIST_KEY_UILaunchScreen_Generation[sdk=iphonesimulator*]" = YES;
				"INFOPLIST_KEY_UIStatusBarStyle[sdk=iphoneos*]" = UIStatusBarStyleDefault;
				"INFOPLIST_KEY_UIStatusBarStyle[sdk=iphonesimulator*]" = UIStatusBarStyleDefault;
				INFOPLIST_KEY_UISupportedInterfaceOrientations_iPad = "UIInterfaceOrientationPortrait UIInterfaceOrientationPortraitUpsideDown UIInterfaceOrientationLandscapeLeft UIInterfaceOrientationLandscapeRight";
				INFOPLIST_KEY_UISupportedInterfaceOrientations_iPhone = "UIInterfaceOrientationPortrait UIInterfaceOrientationLandscapeLeft UIInterfaceOrientationLandscapeRight";
				IPHONEOS_DEPLOYMENT_TARGET = 17.2;
				LD_RUNPATH_SEARCH_PATHS = "@executable_path/Frameworks";
				"LD_RUNPATH_SEARCH_PATHS[sdk=macosx*]" = "@executable_path/../Frameworks";
				MACOSX_DEPLOYMENT_TARGET = 14.1;
				MARKETING_VERSION = 1.0;
				PRODUCT_BUNDLE_IDENTIFIER = io.UberClone;
				PRODUCT_NAME = "$(TARGET_NAME)";
				SDKROOT = auto;
				SUPPORTED_PLATFORMS = "iphoneos iphonesimulator macosx";
				SWIFT_EMIT_LOC_STRINGS = YES;
				SWIFT_VERSION = 5.0;
				TARGETED_DEVICE_FAMILY = "1,2";
			};
			name = Release;
		};
/* End XCBuildConfiguration section */

/* Begin XCConfigurationList section */
		290C29D52B5C2FB800732052 /* Build configuration list for PBXProject "UberClone" */ = {
			isa = XCConfigurationList;
			buildConfigurations = (
				290C29E72B5C2FBC00732052 /* Debug */,
				290C29E82B5C2FBC00732052 /* Release */,
			);
			defaultConfigurationIsVisible = 0;
			defaultConfigurationName = Release;
		};
		290C29E92B5C2FBC00732052 /* Build configuration list for PBXNativeTarget "UberClone" */ = {
			isa = XCConfigurationList;
			buildConfigurations = (
				290C29EA2B5C2FBC00732052 /* Debug */,
				290C29EB2B5C2FBC00732052 /* Release */,
			);
			defaultConfigurationIsVisible = 0;
			defaultConfigurationName = Release;
		};
/* End XCConfigurationList section */
	};
	rootObject = 290C29D22B5C2FB800732052 /* Project object */;
}
